
Microsoft Visual Studio Solution File, Format Version 12.00
# Visual Studio Version 17
VisualStudioVersion = 17.13.35919.96 d17.13
MinimumVisualStudioVersion = 10.0.40219.1
Project("{FAE04EC0-301F-11D3-BF4B-00C04F79EFBC}") = "SalesWebMVC", "SalesWebMVC\SalesWebMVC.csproj", "{C802726C-3F69-416B-A55E-263C5BD40709}"
EndProject
Global
	GlobalSection(SolutionConfigurationPlatforms) = preSolution
		Debug|Any CPU = Debug|Any CPU
		Release|Any CPU = Release|Any CPU
	EndGlobalSection
	GlobalSection(ProjectConfigurationPlatforms) = postSolution
		{C802726C-3F69-416B-A55E-263C5BD40709}.Debug|Any CPU.ActiveCfg = Debug|Any CPU
		{C802726C-3F69-416B-A55E-263C5BD40709}.Debug|Any CPU.Build.0 = Debug|Any CPU
		{C802726C-3F69-416B-A55E-263C5BD40709}.Release|Any CPU.ActiveCfg = Release|Any CPU
		{C802726C-3F69-416B-A55E-263C5BD40709}.Release|Any CPU.Build.0 = Release|Any CPU
	EndGlobalSection
	GlobalSection(SolutionProperties) = preSolution
		HideSolutionNode = FALSE
	EndGlobalSection
	GlobalSection(ExtensibilityGlobals) = postSolution
		SolutionGuid = {E9DCDCC2-AD2E-4D8E-AEBA-AFFE53D30969}
	EndGlobalSection
EndGlobal
