
Microsoft Visual Studio Solution File, Format Version 12.00
# Visual Studio Version 16
VisualStudioVersion = 16.0.36107.64
MinimumVisualStudioVersion = 10.0.40219.1
Project("{FAE04EC0-301F-11D3-BF4B-00C04F79EFBC}") = "SalesWebMVC", "SalesWebMVC\SalesWebMVC.csproj", "{2B43BAD8-2501-4358-8134-A3AA11CB1DB7}"
EndProject
Global
	GlobalSection(SolutionConfigurationPlatforms) = preSolution
		Debug|Any CPU = Debug|Any CPU
		Release|Any CPU = Release|Any CPU
	EndGlobalSection
	GlobalSection(ProjectConfigurationPlatforms) = postSolution
		{2B43BAD8-2501-4358-8134-A3AA11CB1DB7}.Debug|Any CPU.ActiveCfg = Debug|Any CPU
		{2B43BAD8-2501-4358-8134-A3AA11CB1DB7}.Debug|Any CPU.Build.0 = Debug|Any CPU
		{2B43BAD8-2501-4358-8134-A3AA11CB1DB7}.Release|Any CPU.ActiveCfg = Release|Any CPU
		{2B43BAD8-2501-4358-8134-A3AA11CB1DB7}.Release|Any CPU.Build.0 = Release|Any CPU
	EndGlobalSection
	GlobalSection(SolutionProperties) = preSolution
		HideSolutionNode = FALSE
	EndGlobalSection
	GlobalSection(ExtensibilityGlobals) = postSolution
		SolutionGuid = {C6FDADFA-5BDD-4176-A4A9-FB11C3198943}
	EndGlobalSection
EndGlobal
